PODS:
  - Material (3.1.8):
    - Material/Core (= 3.1.8)
  - Material/Core (3.1.8):
    - Motion (~> 3.1.1)
  - Motion (3.1.3):
    - Motion/Core (= 3.1.3)
  - Motion/Core (3.1.3)
  - SuperDDAIuPay (1.0.0):
    - Material
    - SweeterSwift
    - Valley
  - SweeterSwift (1.1.4)
  - Valley (1.2.1)

DEPENDENCIES:
  - SuperDDAIuPay (from `../`)

SPEC REPOS:
  trunk:
    - Material
    - Motion
    - SweeterSwift
    - Valley

EXTERNAL SOURCES:
  SuperDDAIuPay:
    :path: "../"

SPEC CHECKSUMS:
  Material: a2a3f400a3b549d53ef89e56c58c4535b29db387
  Motion: cf1e060e489f6661126374d5c60dbd2ed991605c
  SuperDDAIuPay: d2d71287df7bb2dc174cd297bf8eb25ea6ca195e
  SweeterSwift: 8a90cf3156f5a1b6f39785c479369a16633b5ea9
  Valley: d1eb2cc9127dda761172828e2f97dcee2dc8ac33

PODFILE CHECKSUM: 3c917db4eb3adf086ad8dadc9536485fe4055120

COCOAPODS: 1.9.3
